
Microsoft Visual Studio Solution File, Format Version 12.00
# Visual Studio Version 16
VisualStudioVersion = 16.0.30717.126
MinimumVisualStudioVersion = 10.0.40219.1
Project("{FAE04EC0-301F-11D3-BF4B-00C04F79EFBC}") = "JuggernautServer", "JuggernautServer\JuggernautServer.csproj", "{EAE88516-2155-4603-8310-FBA15A4C562C}"
EndProject
Project("{FAE04EC0-301F-11D3-BF4B-00C04F79EFBC}") = "RobotControlNew", "E:\robot\RobotControlNew\RobotControll\RobotControlNew\RobotControlNew.csproj", "{7BCF7352-978F-45AC-97EB-E644B0C74B49}"
EndProject
Global
	GlobalSection(SolutionConfigurationPlatforms) = preSolution
		Debug|Any CPU = Debug|Any CPU
		Release|Any CPU = Release|Any CPU
	EndGlobalSection
	GlobalSection(ProjectConfigurationPlatforms) = postSolution
		{EAE88516-2155-4603-8310-FBA15A4C562C}.Debug|Any CPU.ActiveCfg = Debug|Any CPU
		{EAE88516-2155-4603-8310-FBA15A4C562C}.Debug|Any CPU.Build.0 = Debug|Any CPU
		{EAE88516-2155-4603-8310-FBA15A4C562C}.Release|Any CPU.ActiveCfg = Release|Any CPU
		{EAE88516-2155-4603-8310-FBA15A4C562C}.Release|Any CPU.Build.0 = Release|Any CPU
		{7BCF7352-978F-45AC-97EB-E644B0C74B49}.Debug|Any CPU.ActiveCfg = Debug|Any CPU
		{7BCF7352-978F-45AC-97EB-E644B0C74B49}.Debug|Any CPU.Build.0 = Debug|Any CPU
		{7BCF7352-978F-45AC-97EB-E644B0C74B49}.Release|Any CPU.ActiveCfg = Release|Any CPU
		{7BCF7352-978F-45AC-97EB-E644B0C74B49}.Release|Any CPU.Build.0 = Release|Any CPU
	EndGlobalSection
	GlobalSection(SolutionProperties) = preSolution
		HideSolutionNode = FALSE
	EndGlobalSection
	GlobalSection(ExtensibilityGlobals) = postSolution
		SolutionGuid = {6A5E9426-1595-472F-9AD0-4B58CC756EB7}
	EndGlobalSection
EndGlobal
